# Generated by onion. Commit this file: it is what makes a build reproducible.
# Delete it to resolve from scratch. Editing it by hand only invites a checksum
# mismatch on the next build.
version = 1

[input]
dependencies = ["org.apache.poi:poi-ooxml:5.5.1"]
repositories = []
coordinates = ["com.github.virtuald:curvesapi:1.08", "com.zaxxer:SparseBitSet:1.3", "commons-codec:commons-codec:1.20.0", "commons-io:commons-io:2.21.0", "org.apache.commons:commons-collections4:4.5.0", "org.apache.commons:commons-compress:1.28.0", "org.apache.commons:commons-lang3:3.18.0", "org.apache.commons:commons-math3:3.6.1", "org.apache.logging.log4j:log4j-api:2.24.3", "org.apache.poi:poi-ooxml-lite:5.5.1", "org.apache.poi:poi-ooxml:5.5.1", "org.apache.poi:poi:5.5.1", "org.apache.xmlbeans:xmlbeans:5.3.0"]

[[artifact]]
file = "SparseBitSet-1.3.jar"
sha256 = "f76b85adb0c00721ae267b7cfde4da7f71d3121cc2160c9fc00c0c89f8c53c8a"

[[artifact]]
file = "commons-codec-1.20.0.jar"
sha256 = "6af66595f9f6a7bb58ce66518d6888d40b547c366d2262f06676eee19528ff66"

[[artifact]]
file = "commons-collections4-4.5.0.jar"
sha256 = "00f93263c267be201b8ae521b44a7137271b16688435340bf629db1bac0a5845"

[[artifact]]
file = "commons-compress-1.28.0.jar"
sha256 = "e1522945218456f3649a39bc4afd70ce4bd466221519dba7d378f2141a4642ca"

[[artifact]]
file = "commons-io-2.21.0.jar"
sha256 = "7d643a2afea8b058b762aa6fb90e5b256f6c729739f8b3784c3370ddc609e88d"

[[artifact]]
file = "commons-lang3-3.18.0.jar"
sha256 = "4eeeae8d20c078abb64b015ec158add383ac581571cddc45c68f0c9ae0230720"

[[artifact]]
file = "commons-math3-3.6.1.jar"
sha256 = "1e56d7b058d28b65abd256b8458e3885b674c1d588fa43cd7d1cbb9c7ef2b308"

[[artifact]]
file = "curvesapi-1.08.jar"
sha256 = "ad95b08b8bbf9d7d17e5e00814898fa23324f32bc5b62f1a37801e6a56ce0079"

[[artifact]]
file = "log4j-api-2.24.3.jar"
sha256 = "5b4a0a0cd0e751ded431c162442bdbdd53328d1f8bb2bae5fc1bbeee0f66d80f"

[[artifact]]
file = "poi-5.5.1.jar"
sha256 = "6c52e876ca75775a11b56e4b36a7541f682827f56406725fcd87560b792ee3d8"

[[artifact]]
file = "poi-ooxml-5.5.1.jar"
sha256 = "bd7be2fdfe3fd2c1684fa813351c2798fd636b44f6236e0674500d4f8ff1c2f9"

[[artifact]]
file = "poi-ooxml-lite-5.5.1.jar"
sha256 = "e6e37adeb6d6ee8b40ec491ad955d934d8f99827ab050f105b18286e59b1d9e7"

[[artifact]]
file = "xmlbeans-5.3.0.jar"
sha256 = "6cc69da3b4d35b83c5e477cd4daba204e44109833e34af2b9a8a2c8788289917"
