# Generated by onion. Commit this file: it is what makes a build reproducible.
# Delete it to resolve from scratch. Editing it by hand only invites a checksum
# mismatch on the next build.
version = 1

[input]
dependencies = ["com.anthropic:anthropic-java:2.68.0"]
repositories = []
coordinates = ["com.anthropic:anthropic-java-client-okhttp:2.68.0", "com.anthropic:anthropic-java-core:2.68.0", "com.anthropic:anthropic-java:2.68.0", "com.fasterxml.jackson.core:jackson-annotations:2.19.4", "com.fasterxml.jackson.core:jackson-core:2.19.4", "com.fasterxml.jackson.core:jackson-databind:2.19.4", "com.fasterxml.jackson.datatype:jackson-datatype-jdk8:2.19.4", "com.fasterxml.jackson.datatype:jackson-datatype-jsr310:2.19.4", "com.fasterxml.jackson.module:jackson-module-kotlin:2.19.4", "com.fasterxml:classmate:1.7.0", "com.github.victools:jsonschema-generator:4.38.0", "com.github.victools:jsonschema-module-jackson:4.38.0", "com.github.victools:jsonschema-module-swagger-2:4.38.0", "com.google.errorprone:error_prone_annotations:2.50.0", "com.squareup.okhttp3:okhttp:4.12.0", "com.squareup.okio:okio-jvm:3.6.0", "com.squareup.okio:okio:3.6.0", "com.standardwebhooks:standardwebhooks:1.2.0", "io.swagger.core.v3:swagger-annotations:2.2.50", "org.jetbrains.kotlin:kotlin-reflect:1.9.0", "org.jetbrains.kotlin:kotlin-stdlib-common:1.9.10", "org.jetbrains.kotlin:kotlin-stdlib-jdk7:1.9.10", "org.jetbrains.kotlin:kotlin-stdlib-jdk8:1.9.10", "org.jetbrains.kotlin:kotlin-stdlib:1.9.10", "org.jetbrains:annotations:13.0", "org.slf4j:slf4j-api:2.0.16"]

[[artifact]]
file = "annotations-13.0.jar"
sha256 = "ace2a10dc8e2d5fd34925ecac03e4988b2c0f851650c94b8cef49ba1bd111478"

[[artifact]]
file = "anthropic-java-2.68.0.jar"
sha256 = "6b50f4b6d091b3f343496a0adf4374dbb239c1e4f6b3cbabb5429dc111f1647e"

[[artifact]]
file = "anthropic-java-client-okhttp-2.68.0.jar"
sha256 = "39a474ebc1252b644855afa27116ced823f00addffbcbb8757cb5bcd5d0ecc96"

[[artifact]]
file = "anthropic-java-core-2.68.0.jar"
sha256 = "ac10ca5bcc7ad6079b2b0683078f360382aee782944428c72155a28f90a3bca2"

[[artifact]]
file = "classmate-1.7.0.jar"
sha256 = "cb868f231c5cceb89d795ea00e6e1b7a93b8f4ac1ce1d8be76dde322dff4a046"

[[artifact]]
file = "error_prone_annotations-2.50.0.jar"
sha256 = "4667724877f1d37a689202da191e23efa7657c62eef93ccdac406eccfe5cdd0a"

[[artifact]]
file = "jackson-annotations-2.19.4.jar"
sha256 = "ab26383fa3c10c0df1ffd1bb035d81161c059b1af71927d73c24473c058baa16"

[[artifact]]
file = "jackson-core-2.19.4.jar"
sha256 = "466ae4dc4f7054f51525f4211df411d9a64d65cc169995d32bf49e20e6f586e5"

[[artifact]]
file = "jackson-databind-2.19.4.jar"
sha256 = "b781c431be870deb0bf84421e99e774c256a701f4ba678df80248f55cd16ff74"

[[artifact]]
file = "jackson-datatype-jdk8-2.19.4.jar"
sha256 = "c0e0dc3039f9a37a099b2602838f833ea8c15c56445a0eb5463d0c7e0c355da2"

[[artifact]]
file = "jackson-datatype-jsr310-2.19.4.jar"
sha256 = "070af4d7c345cf975ff783138050678e6194e5bb88ab489385d0311a5fcb1585"

[[artifact]]
file = "jackson-module-kotlin-2.19.4.jar"
sha256 = "440a2533aa6523296a58c4798ad920cd77b1b819ccc6fbd9e96c81d53794ed90"

[[artifact]]
file = "jsonschema-generator-4.38.0.jar"
sha256 = "ade4aeb301db4028ac6bcba016c31405677e37aae6eebaf13c99de3fdb3531b4"

[[artifact]]
file = "jsonschema-module-jackson-4.38.0.jar"
sha256 = "36fbd3f1c27379c3ba8420ac2cb0b42411f7bc3b3df8bdd11d8d7e024a1c28ca"

[[artifact]]
file = "jsonschema-module-swagger-2-4.38.0.jar"
sha256 = "b76c0df657bcf88cca46d7ad540938552e10127a7c28d2136f62b631666997c1"

[[artifact]]
file = "kotlin-reflect-1.9.0.jar"
sha256 = "2070159be514ea8ea3ce2c8b1ee7993e6ff60a93565a299f200629aa7df7f581"

[[artifact]]
file = "kotlin-stdlib-1.9.10.jar"
sha256 = "55e989c512b80907799f854309f3bc7782c5b3d13932442d0379d5c472711504"

[[artifact]]
file = "kotlin-stdlib-common-1.9.10.jar"
sha256 = "cde3341ba18a2ba262b0b7cf6c55b20c90e8d434e42c9a13e6a3f770db965a88"

[[artifact]]
file = "kotlin-stdlib-jdk7-1.9.10.jar"
sha256 = "ac6361bf9ad1ed382c2103d9712c47cdec166232b4903ed596e8876b0681c9b7"

[[artifact]]
file = "kotlin-stdlib-jdk8-1.9.10.jar"
sha256 = "a4c74d94d64ce1abe53760fe0389dd941f6fc558d0dab35e47c085a11ec80f28"

[[artifact]]
file = "okhttp-4.12.0.jar"
sha256 = "b1050081b14bb7a3a7e55a4d3ef01b5dcfabc453b4573a4fc019767191d5f4e0"

[[artifact]]
file = "okio-3.6.0.jar"
sha256 = "8e63292e5c53bb93c4a6b0c213e79f15990fed250c1340f1c343880e1c9c39b5"

[[artifact]]
file = "okio-jvm-3.6.0.jar"
sha256 = "67543f0736fc422ae927ed0e504b98bc5e269fda0d3500579337cb713da28412"

[[artifact]]
file = "slf4j-api-2.0.16.jar"
sha256 = "a12578dde1ba00bd9b816d388a0b879928d00bab3c83c240f7013bf4196c579a"

[[artifact]]
file = "standardwebhooks-1.2.0.jar"
sha256 = "ba63bc64feb5866750ca72770108fbcbbed28862bc1cc577db7bd3ef9d2d007b"

[[artifact]]
file = "swagger-annotations-2.2.50.jar"
sha256 = "66e571d19a2ac61842007194f7dad221f6a130671c0d99bf854279ef6458a16b"
